
Microsoft Visual Studio Solution File, Format Version 12.00
# Visual Studio Version 17
VisualStudioVersion = 17.1.31911.260
MinimumVisualStudioVersion = 10.0.40219.1
Project("{FAE04EC0-301F-11D3-BF4B-00C04F79EFBC}") = "WindowsFormsApp3", "WindowsFormsApp3\WindowsFormsApp3.csproj", "{0B694F2F-39E7-449E-A76B-CB69AB3F155D}"
EndProject
Global
	GlobalSection(SolutionConfigurationPlatforms) = preSolution
		Debug|Any CPU = Debug|Any CPU
		Release|Any CPU = Release|Any CPU
	EndGlobalSection
	GlobalSection(ProjectConfigurationPlatforms) = postSolution
		{0B694F2F-39E7-449E-A76B-CB69AB3F155D}.Debug|Any CPU.ActiveCfg = Debug|Any CPU
		{0B694F2F-39E7-449E-A76B-CB69AB3F155D}.Debug|Any CPU.Build.0 = Debug|Any CPU
		{0B694F2F-39E7-449E-A76B-CB69AB3F155D}.Release|Any CPU.ActiveCfg = Release|Any CPU
		{0B694F2F-39E7-449E-A76B-CB69AB3F155D}.Release|Any CPU.Build.0 = Release|Any CPU
	EndGlobalSection
	GlobalSection(SolutionProperties) = preSolution
		HideSolutionNode = FALSE
	EndGlobalSection
	GlobalSection(ExtensibilityGlobals) = postSolution
		SolutionGuid = {884AF0AD-77F1-4691-92A3-6E1ACE7D8D15}
	EndGlobalSection
EndGlobal
